// !$*UTF8*$!
{
	archiveVersion = 1;
	classes = {
	};
	objectVersion = 55;
	objects = {

/* Begin PBXBuildFile section */
		1DD3C0BA98590439C8F3EB42 /* Pods_Time_to_travel.framework in Frameworks */ = {isa = PBXBuildFile; fileRef = B8493C83B42C057A57F08CE8 /* Pods_Time_to_travel.framework */; };
		D54F9D0A284B8A3100B3C0EA /* SortingCollectionViewCell.swift in Sources */ = {isa = PBXBuildFile; fileRef = D54F9D09284B8A3100B3C0EA /* SortingCollectionViewCell.swift */; };
		D54F9D0E284B8AFD00B3C0EA /* InfoViewController.swift in Sources */ = {isa = PBXBuildFile; fileRef = D54F9D0D284B8AFD00B3C0EA /* InfoViewController.swift */; };
		D54F9D10284BF58A00B3C0EA /* InfoView.swift in Sources */ = {isa = PBXBuildFile; fileRef = D54F9D0F284BF58A00B3C0EA /* InfoView.swift */; };
		D568C452284A110F00418D97 /* FlightPropsTableViewCell.swift in Sources */ = {isa = PBXBuildFile; fileRef = D568C451284A110F00418D97 /* FlightPropsTableViewCell.swift */; };
		D568C454284A112700418D97 /* FlightDateTableViewCell.swift in Sources */ = {isa = PBXBuildFile; fileRef = D568C453284A112700418D97 /* FlightDateTableViewCell.swift */; };
		D568C456284A113400418D97 /* PassengersTableViewCell.swift in Sources */ = {isa = PBXBuildFile; fileRef = D568C455284A113400418D97 /* PassengersTableViewCell.swift */; };
		D568C458284A114A00418D97 /* FlightClassTableViewCell.swift in Sources */ = {isa = PBXBuildFile; fileRef = D568C457284A114A00418D97 /* FlightClassTableViewCell.swift */; };
		D568C45A284A128D00418D97 /* PurshaseButtonTableViewCell.swift in Sources */ = {isa = PBXBuildFile; fileRef = D568C459284A128D00418D97 /* PurshaseButtonTableViewCell.swift */; };
		D568C45D284A150400418D97 /* GradientButton.swift in Sources */ = {isa = PBXBuildFile; fileRef = D568C45C284A150400418D97 /* GradientButton.swift */; };
		D568C462284A8BE100418D97 /* Model.swift in Sources */ = {isa = PBXBuildFile; fileRef = D568C461284A8BE100418D97 /* Model.swift */; };
		D57BA7F728469BFB00DA8F4D /* AppDelegate.swift in Sources */ = {isa = PBXBuildFile; fileRef = D57BA7F628469BFB00DA8F4D /* AppDelegate.swift */; };
		D57BA7FB28469BFB00DA8F4D /* FlightsListViewController.swift in Sources */ = {isa = PBXBuildFile; fileRef = D57BA7FA28469BFB00DA8F4D /* FlightsListViewController.swift */; };
		D57BA7FE28469BFB00DA8F4D /* Main.storyboard in Resources */ = {isa = PBXBuildFile; fileRef = D57BA7FC28469BFB00DA8F4D /* Main.storyboard */; };
		D57BA80028469BFD00DA8F4D /* Assets.xcassets in Resources */ = {isa = PBXBuildFile; fileRef = D57BA7FF28469BFD00DA8F4D /* Assets.xcassets */; };
		D57BA80328469BFD00DA8F4D /* LaunchScreen.storyboard in Resources */ = {isa = PBXBuildFile; fileRef = D57BA80128469BFD00DA8F4D /* LaunchScreen.storyboard */; };
		D57BA80B28469D3200DA8F4D /* FlightDetailsViewController.swift in Sources */ = {isa = PBXBuildFile; fileRef = D57BA80A28469D3200DA8F4D /* FlightDetailsViewController.swift */; };
		D57BA80F2846AEB300DA8F4D /* Constants.swift in Sources */ = {isa = PBXBuildFile; fileRef = D57BA80E2846AEB300DA8F4D /* Constants.swift */; };
		D57BA8112846B9FA00DA8F4D /* FlightCollectionViewCell.swift in Sources */ = {isa = PBXBuildFile; fileRef = D57BA8102846B9FA00DA8F4D /* FlightCollectionViewCell.swift */; };
/* End PBXBuildFile section */

/* Begin PBXFileReference section */
		4C0A6BEC549406DC7E35B2DA /* Pods-Time to travel.debug.xcconfig */ = {isa = PBXFileReference; includeInIndex = 1; lastKnownFileType = text.xcconfig; name = "Pods-Time to travel.debug.xcconfig"; path = "Target Support Files/Pods-Time to travel/Pods-Time to travel.debug.xcconfig"; sourceTree = "<group>"; };
		B8493C83B42C057A57F08CE8 /* Pods_Time_to_travel.framework */ = {isa = PBXFileReference; explicitFileType = wrapper.framework; includeInIndex = 0; path = Pods_Time_to_travel.framework; sourceTree = BUILT_PRODUCTS_DIR; };
		D54F9D09284B8A3100B3C0EA /* SortingCollectionViewCell.swift */ = {isa = PBXFileReference; lastKnownFileType = sourcecode.swift; path = SortingCollectionViewCell.swift; sourceTree = "<group>"; };
		D54F9D0D284B8AFD00B3C0EA /* InfoViewController.swift */ = {isa = PBXFileReference; lastKnownFileType = sourcecode.swift; path = InfoViewController.swift; sourceTree = "<group>"; };
		D54F9D0F284BF58A00B3C0EA /* InfoView.swift */ = {isa = PBXFileReference; lastKnownFileType = sourcecode.swift; path = InfoView.swift; sourceTree = "<group>"; };
		D551CA0C284937870019A464 /* README.md */ = {isa = PBXFileReference; lastKnownFileType = net.daringfireball.markdown; path = README.md; sourceTree = "<group>"; };
		D568C451284A110F00418D97 /* FlightPropsTableViewCell.swift */ = {isa = PBXFileReference; lastKnownFileType = sourcecode.swift; path = FlightPropsTableViewCell.swift; sourceTree = "<group>"; };
		D568C453284A112700418D97 /* FlightDateTableViewCell.swift */ = {isa = PBXFileReference; lastKnownFileType = sourcecode.swift; path = FlightDateTableViewCell.swift; sourceTree = "<group>"; };
		D568C455284A113400418D97 /* PassengersTableViewCell.swift */ = {isa = PBXFileReference; lastKnownFileType = sourcecode.swift; path = PassengersTableViewCell.swift; sourceTree = "<group>"; };
		D568C457284A114A00418D97 /* FlightClassTableViewCell.swift */ = {isa = PBXFileReference; lastKnownFileType = sourcecode.swift; path = FlightClassTableViewCell.swift; sourceTree = "<group>"; };
		D568C459284A128D00418D97 /* PurshaseButtonTableViewCell.swift */ = {isa = PBXFileReference; lastKnownFileType = sourcecode.swift; path = PurshaseButtonTableViewCell.swift; sourceTree = "<group>"; };
		D568C45C284A150400418D97 /* GradientButton.swift */ = {isa = PBXFileReference; lastKnownFileType = sourcecode.swift; path = GradientButton.swift; sourceTree = "<group>"; };
		D568C461284A8BE100418D97 /* Model.swift */ = {isa = PBXFileReference; lastKnownFileType = sourcecode.swift; path = Model.swift; sourceTree = "<group>"; };
		D57BA7F328469BFA00DA8F4D /* Time to travel.app */ = {isa = PBXFileReference; explicitFileType = wrapper.application; includeInIndex = 0; path = "Time to travel.app"; sourceTree = BUILT_PRODUCTS_DIR; };
		D57BA7F628469BFB00DA8F4D /* AppDelegate.swift */ = {isa = PBXFileReference; lastKnownFileType = sourcecode.swift; path = AppDelegate.swift; sourceTree = "<group>"; };
		D57BA7FA28469BFB00DA8F4D /* FlightsListViewController.swift */ = {isa = PBXFileReference; lastKnownFileType = sourcecode.swift; path = FlightsListViewController.swift; sourceTree = "<group>"; };
		D57BA7FD28469BFB00DA8F4D /* Base */ = {isa = PBXFileReference; lastKnownFileType = file.storyboard; name = Base; path = Base.lproj/Main.storyboard; sourceTree = "<group>"; };
		D57BA7FF28469BFD00DA8F4D /* Assets.xcassets */ = {isa = PBXFileReference; lastKnownFileType = folder.assetcatalog; path = Assets.xcassets; sourceTree = "<group>"; };
		D57BA80228469BFD00DA8F4D /* Base */ = {isa = PBXFileReference; lastKnownFileType = file.storyboard; name = Base; path = Base.lproj/LaunchScreen.storyboard; sourceTree = "<group>"; };
		D57BA80428469BFD00DA8F4D /* Info.plist */ = {isa = PBXFileReference; lastKnownFileType = text.plist.xml; path = Info.plist; sourceTree = "<group>"; };
		D57BA80A28469D3200DA8F4D /* FlightDetailsViewController.swift */ = {isa = PBXFileReference; lastKnownFileType = sourcecode.swift; path = FlightDetailsViewController.swift; sourceTree = "<group>"; };
		D57BA80E2846AEB300DA8F4D /* Constants.swift */ = {isa = PBXFileReference; lastKnownFileType = sourcecode.swift; path = Constants.swift; sourceTree = "<group>"; };
		D57BA8102846B9FA00DA8F4D /* FlightCollectionViewCell.swift */ = {isa = PBXFileReference; lastKnownFileType = sourcecode.swift; path = FlightCollectionViewCell.swift; sourceTree = "<group>"; };
		D718B50D154144510D912839 /* Pods-Time to travel.release.xcconfig */ = {isa = PBXFileReference; includeInIndex = 1; lastKnownFileType = text.xcconfig; name = "Pods-Time to travel.release.xcconfig"; path = "Target Support Files/Pods-Time to travel/Pods-Time to travel.release.xcconfig"; sourceTree = "<group>"; };
/* End PBXFileReference section */

/* Begin PBXFrameworksBuildPhase section */
		D57BA7F028469BFA00DA8F4D /* Frameworks */ = {
			isa = PBXFrameworksBuildPhase;
			buildActionMask = 2147483647;
			files = (
				1DD3C0BA98590439C8F3EB42 /* Pods_Time_to_travel.framework in Frameworks */,
			);
			runOnlyForDeploymentPostprocessing = 0;
		};
/* End PBXFrameworksBuildPhase section */

/* Begin PBXGroup section */
		37115CDFD1E04A232CB51F4B /* Frameworks */ = {
			isa = PBXGroup;
			children = (
				B8493C83B42C057A57F08CE8 /* Pods_Time_to_travel.framework */,
			);
			name = Frameworks;
			sourceTree = "<group>";
		};
		B882A648EB93AB4BDD13050E /* Pods */ = {
			isa = PBXGroup;
			children = (
				4C0A6BEC549406DC7E35B2DA /* Pods-Time to travel.debug.xcconfig */,
				D718B50D154144510D912839 /* Pods-Time to travel.release.xcconfig */,
			);
			path = Pods;
			sourceTree = "<group>";
		};
		D54F9D11284BF73100B3C0EA /* Controller */ = {
			isa = PBXGroup;
			children = (
				D57BA7FA28469BFB00DA8F4D /* FlightsListViewController.swift */,
				D57BA80A28469D3200DA8F4D /* FlightDetailsViewController.swift */,
				D54F9D0D284B8AFD00B3C0EA /* InfoViewController.swift */,
			);
			path = Controller;
			sourceTree = "<group>";
		};
		D54F9D12284BF74100B3C0EA /* Model */ = {
			isa = PBXGroup;
			children = (
				D568C461284A8BE100418D97 /* Model.swift */,
			);
			path = Model;
			sourceTree = "<group>";
		};
		D551CA0F284940540019A464 /* Fonts */ = {
			isa = PBXGroup;
			children = (
			);
			path = Fonts;
			sourceTree = "<group>";
		};
		D568C45B284A129700418D97 /* Cells */ = {
			isa = PBXGroup;
			children = (
				D54F9D09284B8A3100B3C0EA /* SortingCollectionViewCell.swift */,
				D57BA8102846B9FA00DA8F4D /* FlightCollectionViewCell.swift */,
				D568C451284A110F00418D97 /* FlightPropsTableViewCell.swift */,
				D568C453284A112700418D97 /* FlightDateTableViewCell.swift */,
				D568C455284A113400418D97 /* PassengersTableViewCell.swift */,
				D568C457284A114A00418D97 /* FlightClassTableViewCell.swift */,
				D568C459284A128D00418D97 /* PurshaseButtonTableViewCell.swift */,
			);
			path = Cells;
			sourceTree = "<group>";
		};
		D568C45E284A151C00418D97 /* View */ = {
			isa = PBXGroup;
			children = (
				D54F9D0F284BF58A00B3C0EA /* InfoView.swift */,
				D568C45C284A150400418D97 /* GradientButton.swift */,
				D568C45B284A129700418D97 /* Cells */,
			);
			path = View;
			sourceTree = "<group>";
		};
		D57BA7EA28469BFA00DA8F4D = {
			isa = PBXGroup;
			children = (
				D57BA7F528469BFA00DA8F4D /* Time to travel */,
				D57BA7F428469BFA00DA8F4D /* Products */,
				B882A648EB93AB4BDD13050E /* Pods */,
				37115CDFD1E04A232CB51F4B /* Frameworks */,
			);
			sourceTree = "<group>";
		};
		D57BA7F428469BFA00DA8F4D /* Products */ = {
			isa = PBXGroup;
			children = (
				D57BA7F328469BFA00DA8F4D /* Time to travel.app */,
			);
			name = Products;
			sourceTree = "<group>";
		};
		D57BA7F528469BFA00DA8F4D /* Time to travel */ = {
			isa = PBXGroup;
			children = (
				D57BA7F628469BFB00DA8F4D /* AppDelegate.swift */,
				D57BA80E2846AEB300DA8F4D /* Constants.swift */,
				D54F9D12284BF74100B3C0EA /* Model */,
				D54F9D11284BF73100B3C0EA /* Controller */,
				D568C45E284A151C00418D97 /* View */,
				D551CA0C284937870019A464 /* README.md */,
				D57BA7FC28469BFB00DA8F4D /* Main.storyboard */,
				D57BA7FF28469BFD00DA8F4D /* Assets.xcassets */,
				D57BA80128469BFD00DA8F4D /* LaunchScreen.storyboard */,
				D57BA80428469BFD00DA8F4D /* Info.plist */,
				D551CA0F284940540019A464 /* Fonts */,
			);
			path = "Time to travel";
			sourceTree = "<group>";
		};
/* End PBXGroup section */

/* Begin PBXNativeTarget section */
		D57BA7F228469BFA00DA8F4D /* Time to travel */ = {
			isa = PBXNativeTarget;
			buildConfigurationList = D57BA80728469BFD00DA8F4D /* Build configuration list for PBXNativeTarget "Time to travel" */;
			buildPhases = (
				102EF89837267046A2885088 /* [CP] Check Pods Manifest.lock */,
				D57BA7EF28469BFA00DA8F4D /* Sources */,
				D57BA7F028469BFA00DA8F4D /* Frameworks */,
				D57BA7F128469BFA00DA8F4D /* Resources */,
				75944A1CA766AE4ECB791392 /* [CP] Embed Pods Frameworks */,
			);
			buildRules = (
			);
			dependencies = (
			);
			name = "Time to travel";
			productName = "Time to travel";
			productReference = D57BA7F328469BFA00DA8F4D /* Time to travel.app */;
			productType = "com.apple.product-type.application";
		};
/* End PBXNativeTarget section */

/* Begin PBXProject section */
		D57BA7EB28469BFA00DA8F4D /* Project object */ = {
			isa = PBXProject;
			attributes = {
				BuildIndependentTargetsInParallel = 1;
				LastSwiftUpdateCheck = 1340;
				LastUpgradeCheck = 1340;
				TargetAttributes = {
					D57BA7F228469BFA00DA8F4D = {
						CreatedOnToolsVersion = 13.4;
					};
				};
			};
			buildConfigurationList = D57BA7EE28469BFA00DA8F4D /* Build configuration list for PBXProject "Time to travel" */;
			compatibilityVersion = "Xcode 13.0";
			developmentRegion = en;
			hasScannedForEncodings = 0;
			knownRegions = (
				en,
				Base,
			);
			mainGroup = D57BA7EA28469BFA00DA8F4D;
			productRefGroup = D57BA7F428469BFA00DA8F4D /* Products */;
			projectDirPath = "";
			projectRoot = "";
			targets = (
				D57BA7F228469BFA00DA8F4D /* Time to travel */,
			);
		};
/* End PBXProject section */

/* Begin PBXResourcesBuildPhase section */
		D57BA7F128469BFA00DA8F4D /* Resources */ = {
			isa = PBXResourcesBuildPhase;
			buildActionMask = 2147483647;
			files = (
				D57BA80328469BFD00DA8F4D /* LaunchScreen.storyboard in Resources */,
				D57BA80028469BFD00DA8F4D /* Assets.xcassets in Resources */,
				D57BA7FE28469BFB00DA8F4D /* Main.storyboard in Resources */,
			);
			runOnlyForDeploymentPostprocessing = 0;
		};
/* End PBXResourcesBuildPhase section */

/* Begin PBXShellScriptBuildPhase section */
		102EF89837267046A2885088 /* [CP] Check Pods Manifest.lock */ = {
			isa = PBXShellScriptBuildPhase;
			buildActionMask = 2147483647;
			files = (
			);
			inputFileListPaths = (
			);
			inputPaths = (
				"${PODS_PODFILE_DIR_PATH}/Podfile.lock",
				"${PODS_ROOT}/Manifest.lock",
			);
			name = "[CP] Check Pods Manifest.lock";
			outputFileListPaths = (
			);
			outputPaths = (
				"$(DERIVED_FILE_DIR)/Pods-Time to travel-checkManifestLockResult.txt",
			);
			runOnlyForDeploymentPostprocessing = 0;
			shellPath = /bin/sh;
			shellScript = "diff \"${PODS_PODFILE_DIR_PATH}/Podfile.lock\" \"${PODS_ROOT}/Manifest.lock\" > /dev/null\nif [ $? != 0 ] ; then\n    # print error to STDERR\n    echo \"error: The sandbox is not in sync with the Podfile.lock. Run 'pod install' or update your CocoaPods installation.\" >&2\n    exit 1\nfi\n# This output is used by Xcode 'outputs' to avoid re-running this script phase.\necho \"SUCCESS\" > \"${SCRIPT_OUTPUT_FILE_0}\"\n";
			showEnvVarsInLog = 0;
		};
		75944A1CA766AE4ECB791392 /* [CP] Embed Pods Frameworks */ = {
			isa = PBXShellScriptBuildPhase;
			buildActionMask = 2147483647;
			files = (
			);
			inputFileListPaths = (
				"${PODS_ROOT}/Target Support Files/Pods-Time to travel/Pods-Time to travel-frameworks-${CONFIGURATION}-input-files.xcfilelist",
			);
			name = "[CP] Embed Pods Frameworks";
			outputFileListPaths = (
				"${PODS_ROOT}/Target Support Files/Pods-Time to travel/Pods-Time to travel-frameworks-${CONFIGURATION}-output-files.xcfilelist",
			);
			runOnlyForDeploymentPostprocessing = 0;
			shellPath = /bin/sh;
			shellScript = "\"${PODS_ROOT}/Target Support Files/Pods-Time to travel/Pods-Time to travel-frameworks.sh\"\n";
			showEnvVarsInLog = 0;
		};
/* End PBXShellScriptBuildPhase section */

/* Begin PBXSourcesBuildPhase section */
		D57BA7EF28469BFA00DA8F4D /* Sources */ = {
			isa = PBXSourcesBuildPhase;
			buildActionMask = 2147483647;
			files = (
				D568C456284A113400418D97 /* PassengersTableViewCell.swift in Sources */,
				D568C45D284A150400418D97 /* GradientButton.swift in Sources */,
				D57BA8112846B9FA00DA8F4D /* FlightCollectionViewCell.swift in Sources */,
				D568C462284A8BE100418D97 /* Model.swift in Sources */,
				D568C452284A110F00418D97 /* FlightPropsTableViewCell.swift in Sources */,
				D54F9D0A284B8A3100B3C0EA /* SortingCollectionViewCell.swift in Sources */,
				D568C45A284A128D00418D97 /* PurshaseButtonTableViewCell.swift in Sources */,
				D57BA7FB28469BFB00DA8F4D /* FlightsListViewController.swift in Sources */,
				D57BA7F728469BFB00DA8F4D /* AppDelegate.swift in Sources */,
				D568C458284A114A00418D97 /* FlightClassTableViewCell.swift in Sources */,
				D54F9D0E284B8AFD00B3C0EA /* InfoViewController.swift in Sources */,
				D57BA80B28469D3200DA8F4D /* FlightDetailsViewController.swift in Sources */,
				D57BA80F2846AEB300DA8F4D /* Constants.swift in Sources */,
				D54F9D10284BF58A00B3C0EA /* InfoView.swift in Sources */,
				D568C454284A112700418D97 /* FlightDateTableViewCell.swift in Sources */,
			);
			runOnlyForDeploymentPostprocessing = 0;
		};
/* End PBXSourcesBuildPhase section */

/* Begin PBXVariantGroup section */
		D57BA7FC28469BFB00DA8F4D /* Main.storyboard */ = {
			isa = PBXVariantGroup;
			children = (
				D57BA7FD28469BFB00DA8F4D /* Base */,
			);
			name = Main.storyboard;
			sourceTree = "<group>";
		};
		D57BA80128469BFD00DA8F4D /* LaunchScreen.storyboard */ = {
			isa = PBXVariantGroup;
			children = (
				D57BA80228469BFD00DA8F4D /* Base */,
			);
			name = LaunchScreen.storyboard;
			sourceTree = "<group>";
		};
/* End PBXVariantGroup section */

/* Begin XCBuildConfiguration section */
		D57BA80528469BFD00DA8F4D /* Debug */ = {
			isa = XCBuildConfiguration;
			buildSettings = {
				ALWAYS_SEARCH_USER_PATHS = NO;
				CLANG_ANALYZER_NONNULL = YES;
				CLANG_ANALYZER_NUMBER_OBJECT_CONVERSION = YES_AGGRESSIVE;
				CLANG_CXX_LANGUAGE_STANDARD = "gnu++17";
				CLANG_ENABLE_MODULES = YES;
				CLANG_ENABLE_OBJC_ARC = YES;
				CLANG_ENABLE_OBJC_WEAK = YES;
				CLANG_WARN_BLOCK_CAPTURE_AUTORELEASING = YES;
				CLANG_WARN_BOOL_CONVERSION = YES;
				CLANG_WARN_COMMA = YES;
				CLANG_WARN_CONSTANT_CONVERSION = YES;
				CLANG_WARN_DEPRECATED_OBJC_IMPLEMENTATIONS = YES;
				CLANG_WARN_DIRECT_OBJC_ISA_USAGE = YES_ERROR;
				CLANG_WARN_DOCUMENTATION_COMMENTS = YES;
				CLANG_WARN_EMPTY_BODY = YES;
				CLANG_WARN_ENUM_CONVERSION = YES;
				CLANG_WARN_INFINITE_RECURSION = YES;
				CLANG_WARN_INT_CONVERSION = YES;
				CLANG_WARN_NON_LITERAL_NULL_CONVERSION = YES;
				CLANG_WARN_OBJC_IMPLICIT_RETAIN_SELF = YES;
				CLANG_WARN_OBJC_LITERAL_CONVERSION = YES;
				CLANG_WARN_OBJC_ROOT_CLASS = YES_ERROR;
				CLANG_WARN_QUOTED_INCLUDE_IN_FRAMEWORK_HEADER = YES;
				CLANG_WARN_RANGE_LOOP_ANALYSIS = YES;
				CLANG_WARN_STRICT_PROTOTYPES = YES;
				CLANG_WARN_SUSPICIOUS_MOVE = YES;
				CLANG_WARN_UNGUARDED_AVAILABILITY = YES_AGGRESSIVE;
				CLANG_WARN_UNREACHABLE_CODE = YES;
				CLANG_WARN__DUPLICATE_METHOD_MATCH = YES;
				COPY_PHASE_STRIP = NO;
				DEBUG_INFORMATION_FORMAT = dwarf;
				ENABLE_STRICT_OBJC_MSGSEND = YES;
				ENABLE_TESTABILITY = YES;
				GCC_C_LANGUAGE_STANDARD = gnu11;
				GCC_DYNAMIC_NO_PIC = NO;
				GCC_NO_COMMON_BLOCKS = YES;
				GCC_OPTIMIZATION_LEVEL = 0;
				GCC_PREPROCESSOR_DEFINITIONS = (
					"DEBUG=1",
					"$(inherited)",
				);
				GCC_WARN_64_TO_32_BIT_CONVERSION = YES;
				GCC_WARN_ABOUT_RETURN_TYPE = YES_ERROR;
				GCC_WARN_UNDECLARED_SELECTOR = YES;
				GCC_WARN_UNINITIALIZED_AUTOS = YES_AGGRESSIVE;
				GCC_WARN_UNUSED_FUNCTION = YES;
				GCC_WARN_UNUSED_VARIABLE = YES;
				IPHONEOS_DEPLOYMENT_TARGET = 15.4;
				MTL_ENABLE_DEBUG_INFO = INCLUDE_SOURCE;
				MTL_FAST_MATH = YES;
				ONLY_ACTIVE_ARCH = YES;
				SDKROOT = iphoneos;
				SWIFT_ACTIVE_COMPILATION_CONDITIONS = DEBUG;
				SWIFT_OPTIMIZATION_LEVEL = "-Onone";
			};
			name = Debug;
		};
		D57BA80628469BFD00DA8F4D /* Release */ = {
			isa = XCBuildConfiguration;
			buildSettings = {
				ALWAYS_SEARCH_USER_PATHS = NO;
				CLANG_ANALYZER_NONNULL = YES;
				CLANG_ANALYZER_NUMBER_OBJECT_CONVERSION = YES_AGGRESSIVE;
				CLANG_CXX_LANGUAGE_STANDARD = "gnu++17";
				CLANG_ENABLE_MODULES = YES;
				CLANG_ENABLE_OBJC_ARC = YES;
				CLANG_ENABLE_OBJC_WEAK = YES;
				CLANG_WARN_BLOCK_CAPTURE_AUTORELEASING = YES;
				CLANG_WARN_BOOL_CONVERSION = YES;
				CLANG_WARN_COMMA = YES;
				CLANG_WARN_CONSTANT_CONVERSION = YES;
				CLANG_WARN_DEPRECATED_OBJC_IMPLEMENTATIONS = YES;
				CLANG_WARN_DIRECT_OBJC_ISA_USAGE = YES_ERROR;
				CLANG_WARN_DOCUMENTATION_COMMENTS = YES;
				CLANG_WARN_EMPTY_BODY = YES;
				CLANG_WARN_ENUM_CONVERSION = YES;
				CLANG_WARN_INFINITE_RECURSION = YES;
				CLANG_WARN_INT_CONVERSION = YES;
				CLANG_WARN_NON_LITERAL_NULL_CONVERSION = YES;
				CLANG_WARN_OBJC_IMPLICIT_RETAIN_SELF = YES;
				CLANG_WARN_OBJC_LITERAL_CONVERSION = YES;
				CLANG_WARN_OBJC_ROOT_CLASS = YES_ERROR;
				CLANG_WARN_QUOTED_INCLUDE_IN_FRAMEWORK_HEADER = YES;
				CLANG_WARN_RANGE_LOOP_ANALYSIS = YES;
				CLANG_WARN_STRICT_PROTOTYPES = YES;
				CLANG_WARN_SUSPICIOUS_MOVE = YES;
				CLANG_WARN_UNGUARDED_AVAILABILITY = YES_AGGRESSIVE;
				CLANG_WARN_UNREACHABLE_CODE = YES;
				CLANG_WARN__DUPLICATE_METHOD_MATCH = YES;
				COPY_PHASE_STRIP = NO;
				DEBUG_INFORMATION_FORMAT = "dwarf-with-dsym";
				ENABLE_NS_ASSERTIONS = NO;
				ENABLE_STRICT_OBJC_MSGSEND = YES;
				GCC_C_LANGUAGE_STANDARD = gnu11;
				GCC_NO_COMMON_BLOCKS = YES;
				GCC_WARN_64_TO_32_BIT_CONVERSION = YES;
				GCC_WARN_ABOUT_RETURN_TYPE = YES_ERROR;
				GCC_WARN_UNDECLARED_SELECTOR = YES;
				GCC_WARN_UNINITIALIZED_AUTOS = YES_AGGRESSIVE;
				GCC_WARN_UNUSED_FUNCTION = YES;
				GCC_WARN_UNUSED_VARIABLE = YES;
				IPHONEOS_DEPLOYMENT_TARGET = 15.4;
				MTL_ENABLE_DEBUG_INFO = NO;
				MTL_FAST_MATH = YES;
				SDKROOT = iphoneos;
				SWIFT_COMPILATION_MODE = wholemodule;
				SWIFT_OPTIMIZATION_LEVEL = "-O";
				VALIDATE_PRODUCT = YES;
			};
			name = Release;
		};
		D57BA80828469BFD00DA8F4D /* Debug */ = {
			isa = XCBuildConfiguration;
			baseConfigurationReference = 4C0A6BEC549406DC7E35B2DA /* Pods-Time to travel.debug.xcconfig */;
			buildSettings = {
				ASSETCATALOG_COMPILER_APPICON_NAME = AppIcon;
				ASSETCATALOG_COMPILER_GLOBAL_ACCENT_COLOR_NAME = AccentColor;
				CODE_SIGN_STYLE = Automatic;
				CURRENT_PROJECT_VERSION = 1;
				DEVELOPMENT_TEAM = KY382G7762;
				GENERATE_INFOPLIST_FILE = YES;
				INFOPLIST_FILE = "Time to travel/Info.plist";
				INFOPLIST_KEY_UIApplicationSupportsIndirectInputEvents = YES;
				INFOPLIST_KEY_UILaunchStoryboardName = LaunchScreen;
				INFOPLIST_KEY_UISupportedInterfaceOrientations = UIInterfaceOrientationPortrait;
				INFOPLIST_KEY_UISupportedInterfaceOrientations_iPad = "UIInterfaceOrientationPortrait UIInterfaceOrientationPortraitUpsideDown UIInterfaceOrientationLandscapeLeft UIInterfaceOrientationLandscapeRight";
				INFOPLIST_KEY_UISupportedInterfaceOrientations_iPhone = "UIInterfaceOrientationPortrait UIInterfaceOrientationLandscapeLeft UIInterfaceOrientationLandscapeRight";
				LD_RUNPATH_SEARCH_PATHS = (
					"$(inherited)",
					"@executable_path/Frameworks",
				);
				MARKETING_VERSION = 1.0;
				PRODUCT_BUNDLE_IDENTIFIER = "savie.Time-to-travel";
				PRODUCT_NAME = "$(TARGET_NAME)";
				SWIFT_EMIT_LOC_STRINGS = YES;
				SWIFT_VERSION = 5.0;
				TARGETED_DEVICE_FAMILY = "1,2";
			};
			name = Debug;
		};
		D57BA80928469BFD00DA8F4D /* Release */ = {
			isa = XCBuildConfiguration;
			baseConfigurationReference = D718B50D154144510D912839 /* Pods-Time to travel.release.xcconfig */;
			buildSettings = {
				ASSETCATALOG_COMPILER_APPICON_NAME = AppIcon;
				ASSETCATALOG_COMPILER_GLOBAL_ACCENT_COLOR_NAME = AccentColor;
				CODE_SIGN_STYLE = Automatic;
				CURRENT_PROJECT_VERSION = 1;
				DEVELOPMENT_TEAM = KY382G7762;
				GENERATE_INFOPLIST_FILE = YES;
				INFOPLIST_FILE = "Time to travel/Info.plist";
				INFOPLIST_KEY_UIApplicationSupportsIndirectInputEvents = YES;
				INFOPLIST_KEY_UILaunchStoryboardName = LaunchScreen;
				INFOPLIST_KEY_UISupportedInterfaceOrientations = UIInterfaceOrientationPortrait;
				INFOPLIST_KEY_UISupportedInterfaceOrientations_iPad = "UIInterfaceOrientationPortrait UIInterfaceOrientationPortraitUpsideDown UIInterfaceOrientationLandscapeLeft UIInterfaceOrientationLandscapeRight";
				INFOPLIST_KEY_UISupportedInterfaceOrientations_iPhone = "UIInterfaceOrientationPortrait UIInterfaceOrientationLandscapeLeft UIInterfaceOrientationLandscapeRight";
				LD_RUNPATH_SEARCH_PATHS = (
					"$(inherited)",
					"@executable_path/Frameworks",
				);
				MARKETING_VERSION = 1.0;
				PRODUCT_BUNDLE_IDENTIFIER = "savie.Time-to-travel";
				PRODUCT_NAME = "$(TARGET_NAME)";
				SWIFT_EMIT_LOC_STRINGS = YES;
				SWIFT_VERSION = 5.0;
				TARGETED_DEVICE_FAMILY = "1,2";
			};
			name = Release;
		};
/* End XCBuildConfiguration section */

/* Begin XCConfigurationList section */
		D57BA7EE28469BFA00DA8F4D /* Build configuration list for PBXProject "Time to travel" */ = {
			isa = XCConfigurationList;
			buildConfigurations = (
				D57BA80528469BFD00DA8F4D /* Debug */,
				D57BA80628469BFD00DA8F4D /* Release */,
			);
			defaultConfigurationIsVisible = 0;
			defaultConfigurationName = Release;
		};
		D57BA80728469BFD00DA8F4D /* Build configuration list for PBXNativeTarget "Time to travel" */ = {
			isa = XCConfigurationList;
			buildConfigurations = (
				D57BA80828469BFD00DA8F4D /* Debug */,
				D57BA80928469BFD00DA8F4D /* Release */,
			);
			defaultConfigurationIsVisible = 0;
			defaultConfigurationName = Release;
		};
/* End XCConfigurationList section */
	};
	rootObject = D57BA7EB28469BFA00DA8F4D /* Project object */;
}
